# THIS IS AN AUTOGENERATED FILE. DO NOT EDIT THIS FILE DIRECTLY.
# yarn lockfile v1


"@types/node@^18.11.18":
  version "18.11.18"
  resolved "https://registry.yarnpkg.com/@types/node/-/node-18.11.18.tgz#8dfb97f0da23c2293e554c5a50d61ef134d7697f"
  integrity sha512-DHQpWGjyQKSHj3ebjFI/wRKcqQcdR+MoFBygntYOZytCqNfkd2ZC4ARDJ2DQqhjH5p85Nnd3jhUJIXrszFX/JA==

"@types/uuid@^9.0.0":
  version "9.0.0"
  resolved "https://registry.yarnpkg.com/@types/uuid/-/uuid-9.0.0.tgz#53ef263e5239728b56096b0a869595135b7952d2"
  integrity sha512-kr90f+ERiQtKWMz5rP32ltJ/BtULDI5RVO0uavn1HQUOwjx0R1h0rnDYNL0CepF1zL5bSY6FISAfd9tOdDhU5Q==

"@types/validator@^13.7.10":
  version "13.7.17"
  resolved "https://registry.yarnpkg.com/@types/validator/-/validator-13.7.17.tgz#0a6d1510395065171e3378a4afc587a3aefa7cc1"
  integrity sha512-aqayTNmeWrZcvnG2MG9eGYI6b7S5fl+yKgPs6bAjOTwPS316R5SxBGKvtSExfyoJU7pIeHJfsHI0Ji41RVMkvQ==

class-validator@^0.14.0:
  version "0.14.0"
  resolved "https://registry.yarnpkg.com/class-validator/-/class-validator-0.14.0.tgz#40ed0ecf3c83b2a8a6a320f4edb607be0f0df159"
  integrity sha512-ct3ltplN8I9fOwUd8GrP8UQixwff129BkEtuWDKL5W45cQuLd19xqmTLu5ge78YDm/fdje6FMt0hGOhl0lii3A==
  dependencies:
    "@types/validator" "^13.7.10"
    libphonenumber-js "^1.10.14"
    validator "^13.7.0"

libphonenumber-js@^1.10.14:
  version "1.10.31"
  resolved "https://registry.yarnpkg.com/libphonenumber-js/-/libphonenumber-js-1.10.31.tgz#aab580894c263093a3085a02afcda7a742faeff1"
  integrity sha512-qYTzElLePmz3X/6I0JPX5n87tu7jVIMtR/yRLi5PGVPvMCMSVTCR+079KmdNK005i4dBjFxY/bMYceI9IBp47w==

shallow-equal-object@^1.1.1:
  version "1.1.1"
  resolved "https://registry.yarnpkg.com/shallow-equal-object/-/shallow-equal-object-1.1.1.tgz#0c016b8cc16dc59ab76739b6eeaa9c99d68beef7"
  integrity sha512-9DDzYRlzCwF2CemeF0aOFk5T5KMrjG7HldcW7utwYhA/limuGHn3No8KhpDE8BrO7GLaSRJumNKReipZBybd7A==

typescript@^4.9.4:
  version "4.9.4"
  resolved "https://registry.yarnpkg.com/typescript/-/typescript-4.9.4.tgz#a2a3d2756c079abda241d75f149df9d561091e78"
  integrity sha512-Uz+dTXYzxXXbsFpM86Wh3dKCxrQqUcVMxwU54orwlJjOpO3ao8L7j5lH+dWfTwgCwIuM9GQ2kvVotzYJMXTBZg==

uuid@^9.0.0:
  version "9.0.0"
  resolved "https://registry.yarnpkg.com/uuid/-/uuid-9.0.0.tgz#592f550650024a38ceb0c562f2f6aa435761efb5"
  integrity sha512-MXcSTerfPa4uqyzStbRoTgt5XIe3x5+42+q1sDuy3R5MDk66URdLMOZe5aPX/SQd+kuYAh0FdP/pO28IkQyTeg==

validator@^13.7.0:
  version "13.9.0"
  resolved "https://registry.yarnpkg.com/validator/-/validator-13.9.0.tgz#33e7b85b604f3bbce9bb1a05d5c3e22e1c2ff855"
  integrity sha512-B+dGG8U3fdtM0/aNK4/X8CXq/EcxU2WPrPEkJGslb47qyHsxmbggTWK0yEA4qnYVNF+nxNlN88o14hIcPmSIEA==
